{
  "lockfileVersion": 2,
  "configVersion": 1,
  "workspaces": {
    "": {
      "name": "dash-bridge",
      "dependencies": {
        "qrcode-terminal": "^0.12.0",
        "sherpa-onnx-node": "^1.13.7",
      },
      "devDependencies": {
        "@types/bun": "latest",
        "@types/qrcode-terminal": "^0.12.2",
        "typescript": "^5.9.0",
      },
    },
  },
  "packages": {
    "@types/bun": ["@types/bun@1.4.2", "", { "dependencies": { "bun-types": "1.4.2" } }, "sha512-GimotNn7+ZV0uVArItBbriZsR1oNf0+WTzPkdcFrzShI7k2norL0uzEaJT8T33dWr7O/c9ZDuAFQrctKCi72oQ=="],

    "@types/node": ["@types/node@26.5.0", "", { "dependencies": { "undici-types": "~8.9.0" } }, "sha512-dVSGpriSoCgz8WnDNTuSSuSv1PC/ALXihO4ulRZt7Md8k9mlbdin3lGOcDE8SnWOgf513ByWlXd7BK4azmyg/A=="],

    "@types/qrcode-terminal": ["@types/qrcode-terminal@0.12.2", "", {}, "sha512-v+RcIEJ+Uhd6ygSQ0u5YYY7ZM+la7GgPbs0V/7l/kFs2uO4S8BcIUEMoP7za4DNIqNnUD5npf0A/7kBhrCKG5Q=="],

    "bun-types": ["bun-types@1.4.2", "", { "dependencies": { "@types/node": "*" } }, "sha512-bxV1FgK7yBIzjRe5zBozIM4Bem11ZJcCXSrjWRG3YWLt8yFDePu4cLjpebO8OvPeIE9trbyPF4fuj3Cia4Fj3w=="],

    "qrcode-terminal": ["qrcode-terminal@0.12.0", "", { "bin": { "qrcode-terminal": "./bin/qrcode-terminal.js" } }, "sha512-EXtzRZmC+YGmGlDFbXKxQiMZNwCLEO6BANKXG4iCtSIM0yqc/pappSx3RIKr4r0uh5JsBckOXeKrB3Iz7mdQpQ=="],

    "sherpa-onnx-darwin-arm64": ["sherpa-onnx-darwin-arm64@1.13.7", "", { "os": "darwin", "cpu": "arm64" }, "sha512-5NCE50hAvr3n2pdett0SgfPBJXaFZE0bqHwbHyiq+IKZ8Ids0l4M0VrG+ImGYIafCwie+oC3uAJ+pKj9xg/k+w=="],

    "sherpa-onnx-darwin-x64": ["sherpa-onnx-darwin-x64@1.13.7", "", { "os": "darwin", "cpu": "x64" }, "sha512-N3o+T+wn9WaQmsKV5DD8bTHdo+WN2+sXwmZcGJZiDjtOMR2zFz7uVCZnYCmEAMgvChC+oHcF5RvEEKcRCAu6Pw=="],

    "sherpa-onnx-linux-arm64": ["sherpa-onnx-linux-arm64@1.13.7", "", { "os": "linux", "cpu": "arm64" }, "sha512-TFCVpXyTh69buhOtTS8KIfkRXOVKY4Y1qjAktSItrKS4A0chnnrlXO5bKWoNAPeI6fMxTF/uvMYbYgcvjEMfNg=="],

    "sherpa-onnx-linux-x64": ["sherpa-onnx-linux-x64@1.13.7", "", { "os": "linux", "cpu": "x64" }, "sha512-npmxn5WwmAmlthgBhmbZ33t3i2j4mJwQt46dMEb3j7d41y1/uJrjrVAfa/DkvV+vn49ZWfcQ2UEWDipaZBVhuw=="],

    "sherpa-onnx-node": ["sherpa-onnx-node@1.13.7", "", { "optionalDependencies": { "sherpa-onnx-darwin-arm64": "^1.13.7", "sherpa-onnx-darwin-x64": "^1.13.7", "sherpa-onnx-linux-arm64": "^1.13.7", "sherpa-onnx-linux-x64": "^1.13.7", "sherpa-onnx-win-ia32": "^1.13.7", "sherpa-onnx-win-x64": "^1.13.7" } }, "sha512-0XGV7arGngBCnol0m8OLyqlnaUm19Q1KmetVj1DDBdymXa1upmAHZDwNdN47gjsEhqE5hXUEyc1vRQoXrNhNVg=="],

    "sherpa-onnx-win-ia32": ["sherpa-onnx-win-ia32@1.13.7", "", { "os": "win32", "cpu": "ia32" }, "sha512-sTwtpxPQ76XLn0giAbvknIDEDKD3XXi2mo2AVROEucf1pIK1DjQl+LjLkalTeFoQqbC4J3xGx/g+xgcHQD1dsw=="],

    "sherpa-onnx-win-x64": ["sherpa-onnx-win-x64@1.13.7", "", { "os": "win32", "cpu": "x64" }, "sha512-wBV1o+/zgsMrOjfCFIgGrH6S28xq6CqRCLSavCOjTZ6cqr80yGc07DUHxqsHFPZvfoJU+2JF5L2l3gyWFWoWdQ=="],

    "typescript": ["typescript@5.9.3", "", { "bin": { "tsc": "bin/tsc", "tsserver": "bin/tsserver" } }, "sha512-jl1vZzPDinLr9eUt3J/t7V6FgNEw9QjvBPdysz9KfQDD41fQrC2Y4vKQdiaUpFT4bXlb1RHhLpp8wtm6M5TgSw=="],

    "undici-types": ["undici-types@8.9.0", "", {}, "sha512-KTDyRTYX8sWmKXAikPHHSyc63CRPETMctyjKFupcC6OBLXT3xsN0e9aF7m+mIXutFWpUXuedtowG7iLOzp0kQg=="],
  }
}
